{
  "version": 4,
  "terraform_version": "1.9.7",
  "serial": 488,
  "lineage": "1f53c223-1677-d897-86da-1cc3bc2ecd0e",
  "outputs": {
    "bastion_server_public_ip": {
      "value": "8.213.44.198",
      "type": "string"
    },
    "http_server_private_ips": {
      "value": [
        "10.0.2.215",
        "10.0.2.216"
      ],
      "type": [
        "tuple",
        [
          "string",
          "string"
        ]
      ]
    },
    "mysql_server_private_ip": {
      "value": "10.0.2.214",
      "type": "string"
    },
    "outputURL": {
      "value": "nlb-mwbo4pw7wvwpyn1gyo.me-central-1.nlb.aliyuncs.com",
      "type": "string"
    },
    "redis_server_private_ip": {
      "value": "10.0.2.213",
      "type": "string"
    }
  },
  "resources": [
    {
      "mode": "data",
      "type": "alicloud_zones",
      "name": "availability_zones",
      "provider": "provider[\"registry.terraform.io/hashicorp/alicloud\"]",
      "instances": [
        {
          "schema_version": 0,
          "attributes": {
            "available_disk_category": "cloud_efficiency",
            "available_instance_type": null,
            "available_resource_creation": "VSwitch",
            "available_slb_address_ip_version": null,
            "available_slb_address_type": null,
            "enable_details": false,
            "id": "398025721",
            "ids": [
              "me-central-1a",
              "me-central-1b"
            ],
            "instance_charge_type": "PostPaid",
            "multi": false,
            "network_type": null,
            "output_file": null,
            "spot_strategy": "NoSpot",
            "zones": [
              {
                "available_disk_categories": [],
                "available_instance_types": [],
                "available_resource_creation": [],
                "id": "me-central-1a",
                "local_name": "",
                "multi_zone_ids": [],
                "slb_slave_zone_ids": []
              },
              {
                "available_disk_categories": [],
                "available_instance_types": [],
                "available_resource_creation": [],
                "id": "me-central-1b",
                "local_name": "",
                "multi_zone_ids": [],
                "slb_slave_zone_ids": []
              }
            ]
          },
          "sensitive_attributes": []
        }
      ]
    },
    {
      "mode": "managed",
      "type": "alicloud_ecs_key_pair",
      "name": "capstone-key",
      "provider": "provider[\"registry.terraform.io/hashicorp/alicloud\"]",
      "instances": [
        {
          "schema_version": 0,
          "attributes": {
            "finger_print": "fc447d8e359177f0781851acc81b6f71",
            "id": "capstone-key",
            "key_file": "capstone-key.pem",
            "key_name": "capstone-key",
            "key_name_prefix": null,
            "key_pair_name": "capstone-key",
            "public_key": null,
            "resource_group_id": "",
            "tags": {},
            "timeouts": null
          },
          "sensitive_attributes": [],
          "private": "eyJlMmJmYjczMC1lY2FhLTExZTYtOGY4OC0zNDM2M2JjN2M0YzAiOnsiZGVsZXRlIjozMDAwMDAwMDAwMDB9fQ=="
        }
      ]
    },
    {
      "mode": "managed",
      "type": "alicloud_eip_address",
      "name": "capnateip",
      "provider": "provider[\"registry.terraform.io/hashicorp/alicloud\"]",
      "instances": [
        {
          "schema_version": 0,
          "attributes": {
            "activity_id": null,
            "address_name": "nat",
            "allocation_id": "eip-l4v9xdqia73enkv15ghq7",
            "auto_pay": null,
            "bandwidth": "100",
            "create_time": "2024-10-30T14:14:39Z",
            "deletion_protection": false,
            "description": "nat",
            "high_definition_monitor_log_status": "OFF",
            "id": "eip-l4v9xdqia73enkv15ghq7",
            "instance_charge_type": "PostPaid",
            "internet_charge_type": "PayByTraffic",
            "ip_address": "8.213.38.195",
            "isp": "BGP",
            "log_project": null,
            "log_store": null,
            "mode": "NAT",
            "name": "nat",
            "netmode": "public",
            "payment_type": "PayAsYouGo",
            "period": null,
            "pricing_cycle": null,
            "public_ip_address_pool_id": null,
            "resource_group_id": "rg-acfnuxdjpujhxry",
            "security_protection_types": [],
            "status": "InUse",
            "tags": {},
            "timeouts": null,
            "zone": null
          },
          "sensitive_attributes": [],
          "private": "eyJlMmJmYjczMC1lY2FhLTExZTYtOGY4OC0zNDM2M2JjN2M0YzAiOnsiY3JlYXRlIjo1NDAwMDAwMDAwMDAsImRlbGV0ZSI6NTQwMDAwMDAwMDAwLCJ1cGRhdGUiOjU0MDAwMDAwMDAwMH19"
        }
      ]
    },
    {
      "mode": "managed",
      "type": "alicloud_eip_association",
      "name": "nateip",
      "provider": "provider[\"registry.terraform.io/hashicorp/alicloud\"]",
      "instances": [
        {
          "schema_version": 0,
          "attributes": {
            "allocation_id": "eip-l4v9xdqia73enkv15ghq7",
            "force": null,
            "id": "eip-l4v9xdqia73enkv15ghq7:ngw-l4vkbnxjrajkbsnxi3pjt",
            "instance_id": "ngw-l4vkbnxjrajkbsnxi3pjt",
            "instance_type": "Nat",
            "mode": "NAT",
            "private_ip_address": "",
            "timeouts": null,
            "vpc_id": ""
          },
          "sensitive_attributes": [],
          "private": "eyJlMmJmYjczMC1lY2FhLTExZTYtOGY4OC0zNDM2M2JjN2M0YzAiOnsiY3JlYXRlIjozMDAwMDAwMDAwMDAsImRlbGV0ZSI6MzAwMDAwMDAwMDAwLCJ1cGRhdGUiOjMwMDAwMDAwMDAwMH19",
          "dependencies": [
            "alicloud_eip_address.capnateip",
            "alicloud_nat_gateway.capnatgateway",
            "alicloud_vpc.capvpc",
            "alicloud_vswitch.public",
            "data.alicloud_zones.availability_zones"
          ]
        }
      ]
    },
    {
      "mode": "managed",
      "type": "alicloud_instance",
      "name": "capbastion",
      "provider": "provider[\"registry.terraform.io/hashicorp/alicloud\"]",
      "instances": [
        {
          "schema_version": 0,
          "attributes": {
            "allocate_public_ip": null,
            "auto_release_time": "",
            "auto_renew_period": null,
            "availability_zone": "me-central-1a",
            "cpu": 2,
            "create_time": "2024-10-30T14:14Z",
            "credit_specification": "",
            "data_disks": [],
            "dedicated_host_id": "",
            "deletion_protection": false,
            "deployment_set_group_no": null,
            "deployment_set_id": "",
            "description": "",
            "dry_run": false,
            "enable_jumbo_frame": false,
            "expired_time": "2099-12-31T15:59Z",
            "force_delete": null,
            "host_name": "iZl4vhsb8ztd0u828bfmhxZ",
            "hpc_cluster_id": "",
            "http_endpoint": "",
            "http_put_response_hop_limit": 0,
            "http_tokens": "",
            "id": "i-l4vhsb8ztd0u828bfmhx",
            "image_id": "ubuntu_24_04_x64_20G_alibase_20240812.vhd",
            "include_data_disks": null,
            "instance_charge_type": "PostPaid",
            "instance_name": "bastion",
            "instance_type": "ecs.g6.large",
            "internet_charge_type": "PayByTraffic",
            "internet_max_bandwidth_in": 1000,
            "internet_max_bandwidth_out": 100,
            "io_optimized": null,
            "ipv6_address_count": 0,
            "ipv6_addresses": [],
            "is_outdated": null,
            "key_name": "capstone-key",
            "kms_encrypted_password": null,
            "kms_encryption_context": null,
            "launch_template_id": null,
            "launch_template_name": null,
            "launch_template_version": null,
            "maintenance_action": "AutoRecover",
            "maintenance_notify": false,
            "maintenance_time": [],
            "memory": 8192,
            "network_card_index": null,
            "network_interface_id": "eni-l4viarnvkov0rfrvfqle",
            "network_interface_traffic_mode": "Standard",
            "network_interfaces": [],
            "operator_type": null,
            "os_name": "Ubuntu  24.04 64位",
            "os_type": "linux",
            "password": "",
            "password_inherit": null,
            "period": null,
            "period_unit": null,
            "primary_ip_address": "10.0.1.147",
            "private_ip": "10.0.1.147",
            "public_ip": "8.213.44.198",
            "queue_pair_number": 0,
            "renewal_status": null,
            "resource_group_id": "",
            "role_name": "",
            "secondary_private_ip_address_count": 0,
            "secondary_private_ips": [],
            "security_enhancement_strategy": null,
            "security_groups": [
              "sg-l4vc2thxkcwcdyxr4bm2"
            ],
            "spot_duration": 0,
            "spot_price_limit": 0,
            "spot_strategy": "NoSpot",
            "start_time": "2024-10-30T14:14Z",
            "status": "Running",
            "stopped_mode": "Not-applicable",
            "subnet_id": "vsw-l4vcn1xkpi13v2d8cojwg",
            "system_disk_auto_snapshot_policy_id": "",
            "system_disk_category": "cloud_essd",
            "system_disk_description": "",
            "system_disk_encrypt_algorithm": null,
            "system_disk_encrypted": false,
            "system_disk_id": "d-l4v6wam66k52t8e0ekg6",
            "system_disk_kms_key_id": "",
            "system_disk_name": "",
            "system_disk_performance_level": "PL1",
            "system_disk_size": 40,
            "system_disk_storage_cluster_id": "",
            "tags": {},
            "timeouts": null,
            "user_data": "",
            "volume_tags": {},
            "vpc_id": "vpc-l4v5ni80xbxjntuq9emhi",
            "vswitch_id": "vsw-l4vcn1xkpi13v2d8cojwg"
          },
          "sensitive_attributes": [
            [
              {
                "type": "get_attr",
                "value": "password"
              }
            ]
          ],
          "private": "eyJlMmJmYjczMC1lY2FhLTExZTYtOGY4OC0zNDM2M2JjN2M0YzAiOnsiY3JlYXRlIjo2MDAwMDAwMDAwMDAsImRlbGV0ZSI6MTIwMDAwMDAwMDAwMCwidXBkYXRlIjo2MDAwMDAwMDAwMDB9fQ==",
          "dependencies": [
            "alicloud_ecs_key_pair.capstone-key",
            "alicloud_security_group.bastion",
            "alicloud_vpc.capvpc",
            "alicloud_vswitch.public",
            "data.alicloud_zones.availability_zones"
          ]
        }
      ]
    },
    {
      "mode": "managed",
      "type": "alicloud_instance",
      "name": "caphttp",
      "provider": "provider[\"registry.terraform.io/hashicorp/alicloud\"]",
      "instances": [
        {
          "index_key": 0,
          "schema_version": 0,
          "attributes": {
            "allocate_public_ip": null,
            "auto_release_time": "",
            "auto_renew_period": null,
            "availability_zone": "me-central-1a",
            "cpu": 2,
            "create_time": "2024-10-30T14:15Z",
            "credit_specification": "",
            "data_disks": [],
            "dedicated_host_id": "",
            "deletion_protection": false,
            "deployment_set_group_no": null,
            "deployment_set_id": "",
            "description": "",
            "dry_run": false,
            "enable_jumbo_frame": false,
            "expired_time": "2099-12-31T15:59Z",
            "force_delete": null,
            "host_name": "iZl4v6wam66k52t8dznzjkZ",
            "hpc_cluster_id": "",
            "http_endpoint": "",
            "http_put_response_hop_limit": 0,
            "http_tokens": "",
            "id": "i-l4v6wam66k52t8dznzjk",
            "image_id": "ubuntu_24_04_x64_20G_alibase_20240812.vhd",
            "include_data_disks": null,
            "instance_charge_type": "PostPaid",
            "instance_name": "http-0",
            "instance_type": "ecs.g6.large",
            "internet_charge_type": "PayByTraffic",
            "internet_max_bandwidth_in": -1,
            "internet_max_bandwidth_out": 0,
            "io_optimized": null,
            "ipv6_address_count": 0,
            "ipv6_addresses": [],
            "is_outdated": null,
            "key_name": "capstone-key",
            "kms_encrypted_password": null,
            "kms_encryption_context": null,
            "launch_template_id": null,
            "launch_template_name": null,
            "launch_template_version": null,
            "maintenance_action": "AutoRecover",
            "maintenance_notify": false,
            "maintenance_time": [],
            "memory": 8192,
            "network_card_index": null,
            "network_interface_id": "eni-l4vcibsftdbjlomprjpd",
            "network_interface_traffic_mode": "Standard",
            "network_interfaces": [],
            "operator_type": null,
            "os_name": "Ubuntu  24.04 64位",
            "os_type": "linux",
            "password": "",
            "password_inherit": null,
            "period": null,
            "period_unit": null,
            "primary_ip_address": "10.0.2.215",
            "private_ip": "10.0.2.215",
            "public_ip": "",
            "queue_pair_number": 0,
            "renewal_status": null,
            "resource_group_id": "",
            "role_name": "",
            "secondary_private_ip_address_count": 0,
            "secondary_private_ips": [],
            "security_enhancement_strategy": null,
            "security_groups": [
              "sg-l4vcibsftdbjlomozkpv"
            ],
            "spot_duration": 0,
            "spot_price_limit": 0,
            "spot_strategy": "NoSpot",
            "start_time": "2024-10-30T14:15Z",
            "status": "Running",
            "stopped_mode": "Not-applicable",
            "subnet_id": "vsw-l4v354ieoll54mej95dm2",
            "system_disk_auto_snapshot_policy_id": "",
            "system_disk_category": "cloud_essd",
            "system_disk_description": "",
            "system_disk_encrypt_algorithm": null,
            "system_disk_encrypted": false,
            "system_disk_id": "d-l4vc2thxkcwcdyxqd80c",
            "system_disk_kms_key_id": "",
            "system_disk_name": "",
            "system_disk_performance_level": "PL1",
            "system_disk_size": 40,
            "system_disk_storage_cluster_id": "",
            "tags": {},
            "timeouts": null,
            "user_data": "IyEvYmluL3NoCgpzdWRvIGFwdC1nZXQgdXBkYXRlIC15eQpzdWRvIGFwdC1nZXQgaW5zdGFsbCAteXkgZ2l0IGN1cmwKCmN1cmwgLWZzU0wgaHR0cHM6Ly9nZXQuZG9ja2VyLmNvbSAtbyBnZXQtZG9ja2VyLnNoCnN1ZG8gc2ggLi9nZXQtZG9ja2VyLnNoCgpnaXQgY2xvbmUgaHR0cHM6Ly9naXRodWIuY29tL0dlYXJ2aWFuL0NhcGVzdG9uZS5naXQKY2QgIGNkIENhcHN0b24vCmVjaG8gIlJFRElTX0hPU1Q9MTAuMC4yLjIxMyIgPiAuZW52CmRvY2tlciBjb21wb3NlIHVwIC1k",
            "volume_tags": {},
            "vpc_id": "vpc-l4v5ni80xbxjntuq9emhi",
            "vswitch_id": "vsw-l4v354ieoll54mej95dm2"
          },
          "sensitive_attributes": [
            [
              {
                "type": "get_attr",
                "value": "password"
              }
            ]
          ],
          "private": "eyJlMmJmYjczMC1lY2FhLTExZTYtOGY4OC0zNDM2M2JjN2M0YzAiOnsiY3JlYXRlIjo2MDAwMDAwMDAwMDAsImRlbGV0ZSI6MTIwMDAwMDAwMDAwMCwidXBkYXRlIjo2MDAwMDAwMDAwMDB9fQ==",
          "dependencies": [
            "alicloud_ecs_key_pair.capstone-key",
            "alicloud_instance.capredis",
            "alicloud_instance.mysql",
            "alicloud_security_group.http",
            "alicloud_security_group.mysql",
            "alicloud_security_group.redis",
            "alicloud_vpc.capvpc",
            "alicloud_vswitch.private",
            "data.alicloud_zones.availability_zones"
          ]
        },
        {
          "index_key": 1,
          "schema_version": 0,
          "attributes": {
            "allocate_public_ip": null,
            "auto_release_time": "",
            "auto_renew_period": null,
            "availability_zone": "me-central-1a",
            "cpu": 2,
            "create_time": "2024-10-30T14:15Z",
            "credit_specification": "",
            "data_disks": [],
            "dedicated_host_id": "",
            "deletion_protection": false,
            "deployment_set_group_no": null,
            "deployment_set_id": "",
            "description": "",
            "dry_run": false,
            "enable_jumbo_frame": false,
            "expired_time": "2099-12-31T15:59Z",
            "force_delete": null,
            "host_name": "iZl4vc2thxkcwcdyxtw7csZ",
            "hpc_cluster_id": "",
            "http_endpoint": "",
            "http_put_response_hop_limit": 0,
            "http_tokens": "",
            "id": "i-l4vc2thxkcwcdyxtw7cs",
            "image_id": "ubuntu_24_04_x64_20G_alibase_20240812.vhd",
            "include_data_disks": null,
            "instance_charge_type": "PostPaid",
            "instance_name": "http-1",
            "instance_type": "ecs.g6.large",
            "internet_charge_type": "PayByTraffic",
            "internet_max_bandwidth_in": -1,
            "internet_max_bandwidth_out": 0,
            "io_optimized": null,
            "ipv6_address_count": 0,
            "ipv6_addresses": [],
            "is_outdated": null,
            "key_name": "capstone-key",
            "kms_encrypted_password": null,
            "kms_encryption_context": null,
            "launch_template_id": null,
            "launch_template_name": null,
            "launch_template_version": null,
            "maintenance_action": "AutoRecover",
            "maintenance_notify": false,
            "maintenance_time": [],
            "memory": 8192,
            "network_card_index": null,
            "network_interface_id": "eni-l4vcibsftdbjlomprjpe",
            "network_interface_traffic_mode": "Standard",
            "network_interfaces": [],
            "operator_type": null,
            "os_name": "Ubuntu  24.04 64位",
            "os_type": "linux",
            "password": "",
            "password_inherit": null,
            "period": null,
            "period_unit": null,
            "primary_ip_address": "10.0.2.216",
            "private_ip": "10.0.2.216",
            "public_ip": "",
            "queue_pair_number": 0,
            "renewal_status": null,
            "resource_group_id": "",
            "role_name": "",
            "secondary_private_ip_address_count": 0,
            "secondary_private_ips": [],
            "security_enhancement_strategy": null,
            "security_groups": [
              "sg-l4vcibsftdbjlomozkpv"
            ],
            "spot_duration": 0,
            "spot_price_limit": 0,
            "spot_strategy": "NoSpot",
            "start_time": "2024-10-30T14:15Z",
            "status": "Running",
            "stopped_mode": "Not-applicable",
            "subnet_id": "vsw-l4v354ieoll54mej95dm2",
            "system_disk_auto_snapshot_policy_id": "",
            "system_disk_category": "cloud_essd",
            "system_disk_description": "",
            "system_disk_encrypt_algorithm": null,
            "system_disk_encrypted": false,
            "system_disk_id": "d-l4v6jb2d3yyhx75i0qef",
            "system_disk_kms_key_id": "",
            "system_disk_name": "",
            "system_disk_performance_level": "PL1",
            "system_disk_size": 40,
            "system_disk_storage_cluster_id": "",
            "tags": {},
            "timeouts": null,
            "user_data": "IyEvYmluL3NoCgpzdWRvIGFwdC1nZXQgdXBkYXRlIC15eQpzdWRvIGFwdC1nZXQgaW5zdGFsbCAteXkgZ2l0IGN1cmwKCmN1cmwgLWZzU0wgaHR0cHM6Ly9nZXQuZG9ja2VyLmNvbSAtbyBnZXQtZG9ja2VyLnNoCnN1ZG8gc2ggLi9nZXQtZG9ja2VyLnNoCgpnaXQgY2xvbmUgaHR0cHM6Ly9naXRodWIuY29tL0dlYXJ2aWFuL0NhcGVzdG9uZS5naXQKY2QgIGNkIENhcHN0b24vCmVjaG8gIlJFRElTX0hPU1Q9MTAuMC4yLjIxMyIgPiAuZW52CmRvY2tlciBjb21wb3NlIHVwIC1k",
            "volume_tags": {},
            "vpc_id": "vpc-l4v5ni80xbxjntuq9emhi",
            "vswitch_id": "vsw-l4v354ieoll54mej95dm2"
          },
          "sensitive_attributes": [
            [
              {
                "type": "get_attr",
                "value": "password"
              }
            ]
          ],
          "private": "eyJlMmJmYjczMC1lY2FhLTExZTYtOGY4OC0zNDM2M2JjN2M0YzAiOnsiY3JlYXRlIjo2MDAwMDAwMDAwMDAsImRlbGV0ZSI6MTIwMDAwMDAwMDAwMCwidXBkYXRlIjo2MDAwMDAwMDAwMDB9fQ==",
          "dependencies": [
            "alicloud_ecs_key_pair.capstone-key",
            "alicloud_instance.capredis",
            "alicloud_instance.mysql",
            "alicloud_security_group.http",
            "alicloud_security_group.mysql",
            "alicloud_security_group.redis",
            "alicloud_vpc.capvpc",
            "alicloud_vswitch.private",
            "data.alicloud_zones.availability_zones"
          ]
        }
      ]
    },
    {
      "mode": "managed",
      "type": "alicloud_instance",
      "name": "capredis",
      "provider": "provider[\"registry.terraform.io/hashicorp/alicloud\"]",
      "instances": [
        {
          "schema_version": 0,
          "attributes": {
            "allocate_public_ip": null,
            "auto_release_time": "",
            "auto_renew_period": null,
            "availability_zone": "me-central-1a",
            "cpu": 2,
            "create_time": "2024-10-30T14:15Z",
            "credit_specification": "",
            "data_disks": [],
            "dedicated_host_id": "",
            "deletion_protection": false,
            "deployment_set_group_no": null,
            "deployment_set_id": "",
            "description": "",
            "dry_run": false,
            "enable_jumbo_frame": false,
            "expired_time": "2099-12-31T15:59Z",
            "force_delete": null,
            "host_name": "redis",
            "hpc_cluster_id": "",
            "http_endpoint": "",
            "http_put_response_hop_limit": 0,
            "http_tokens": "",
            "id": "i-l4v6jb2d3yyhx75girjw",
            "image_id": "ubuntu_24_04_x64_20G_alibase_20240812.vhd",
            "include_data_disks": null,
            "instance_charge_type": "PostPaid",
            "instance_name": "redis",
            "instance_type": "ecs.g6.large",
            "internet_charge_type": "PayByTraffic",
            "internet_max_bandwidth_in": -1,
            "internet_max_bandwidth_out": 0,
            "io_optimized": null,
            "ipv6_address_count": 0,
            "ipv6_addresses": [],
            "is_outdated": null,
            "key_name": "capstone-key",
            "kms_encrypted_password": null,
            "kms_encryption_context": null,
            "launch_template_id": null,
            "launch_template_name": null,
            "launch_template_version": null,
            "maintenance_action": "AutoRecover",
            "maintenance_notify": false,
            "maintenance_time": [],
            "memory": 8192,
            "network_card_index": null,
            "network_interface_id": "eni-l4viarnvkov0rfrvfqlq",
            "network_interface_traffic_mode": "Standard",
            "network_interfaces": [],
            "operator_type": null,
            "os_name": "Ubuntu  24.04 64位",
            "os_type": "linux",
            "password": "",
            "password_inherit": null,
            "period": null,
            "period_unit": null,
            "primary_ip_address": "10.0.2.213",
            "private_ip": "10.0.2.213",
            "public_ip": "",
            "queue_pair_number": 0,
            "renewal_status": null,
            "resource_group_id": "",
            "role_name": "",
            "secondary_private_ip_address_count": 0,
            "secondary_private_ips": [],
            "security_enhancement_strategy": null,
            "security_groups": [
              "sg-l4vhsb8ztd0u828gsqq9"
            ],
            "spot_duration": 0,
            "spot_price_limit": 0,
            "spot_strategy": "NoSpot",
            "start_time": "2024-10-30T14:15Z",
            "status": "Running",
            "stopped_mode": "Not-applicable",
            "subnet_id": "vsw-l4v354ieoll54mej95dm2",
            "system_disk_auto_snapshot_policy_id": "",
            "system_disk_category": "cloud_essd",
            "system_disk_description": "",
            "system_disk_encrypt_algorithm": null,
            "system_disk_encrypted": false,
            "system_disk_id": "d-l4vc2thxkcwcdyxqd80b",
            "system_disk_kms_key_id": "",
            "system_disk_name": "",
            "system_disk_performance_level": "PL1",
            "system_disk_size": 40,
            "system_disk_storage_cluster_id": "",
            "tags": {},
            "timeouts": null,
            "user_data": "IyEvYmluL3NoCgpzdWRvIGFwdC1nZXQgdXBkYXRlIC15eQpzdWRvIGFwdC1nZXQgaW5zdGFsbCAteXkgZ2l0IGN1cmwKCmN1cmwgLWZzU0wgaHR0cHM6Ly9nZXQuZG9ja2VyLmNvbSAtbyBnZXQtZG9ja2VyLnNoCnN1ZG8gc2ggLi9nZXQtZG9ja2VyLnNoCgpkb2NrZXIgcnVuIC1kIC1wIDYzNzk6NjM3OSAtLW5hbWUgcmVkaXMgcmVkaXM=",
            "volume_tags": {},
            "vpc_id": "vpc-l4v5ni80xbxjntuq9emhi",
            "vswitch_id": "vsw-l4v354ieoll54mej95dm2"
          },
          "sensitive_attributes": [
            [
              {
                "type": "get_attr",
                "value": "password"
              }
            ]
          ],
          "private": "eyJlMmJmYjczMC1lY2FhLTExZTYtOGY4OC0zNDM2M2JjN2M0YzAiOnsiY3JlYXRlIjo2MDAwMDAwMDAwMDAsImRlbGV0ZSI6MTIwMDAwMDAwMDAwMCwidXBkYXRlIjo2MDAwMDAwMDAwMDB9fQ==",
          "dependencies": [
            "alicloud_ecs_key_pair.capstone-key",
            "alicloud_security_group.redis",
            "alicloud_vpc.capvpc",
            "alicloud_vswitch.private",
            "data.alicloud_zones.availability_zones"
          ]
        }
      ]
    },
    {
      "mode": "managed",
      "type": "alicloud_instance",
      "name": "mysql",
      "provider": "provider[\"registry.terraform.io/hashicorp/alicloud\"]",
      "instances": [
        {
          "schema_version": 0,
          "attributes": {
            "allocate_public_ip": null,
            "auto_release_time": "",
            "auto_renew_period": null,
            "availability_zone": "me-central-1a",
            "cpu": 2,
            "create_time": "2024-10-30T14:15Z",
            "credit_specification": "",
            "data_disks": [],
            "dedicated_host_id": "",
            "deletion_protection": false,
            "deployment_set_group_no": null,
            "deployment_set_id": "",
            "description": "",
            "dry_run": false,
            "enable_jumbo_frame": false,
            "expired_time": "2099-12-31T15:59Z",
            "force_delete": null,
            "host_name": "mysql",
            "hpc_cluster_id": "",
            "http_endpoint": "",
            "http_put_response_hop_limit": 0,
            "http_tokens": "",
            "id": "i-l4v6wam66k52t8dznzjj",
            "image_id": "ubuntu_24_04_x64_20G_alibase_20240812.vhd",
            "include_data_disks": null,
            "instance_charge_type": "PostPaid",
            "instance_name": "mysql",
            "instance_type": "ecs.g6.large",
            "internet_charge_type": "PayByTraffic",
            "internet_max_bandwidth_in": -1,
            "internet_max_bandwidth_out": 0,
            "io_optimized": null,
            "ipv6_address_count": 0,
            "ipv6_addresses": [],
            "is_outdated": null,
            "key_name": "capstone-key",
            "kms_encrypted_password": null,
            "kms_encryption_context": null,
            "launch_template_id": null,
            "launch_template_name": null,
            "launch_template_version": null,
            "maintenance_action": "AutoRecover",
            "maintenance_notify": false,
            "maintenance_time": [],
            "memory": 8192,
            "network_card_index": null,
            "network_interface_id": "eni-l4v6wam66k52t8e0zpn5",
            "network_interface_traffic_mode": "Standard",
            "network_interfaces": [],
            "operator_type": null,
            "os_name": "Ubuntu  24.04 64位",
            "os_type": "linux",
            "password": "",
            "password_inherit": null,
            "period": null,
            "period_unit": null,
            "primary_ip_address": "10.0.2.214",
            "private_ip": "10.0.2.214",
            "public_ip": "",
            "queue_pair_number": 0,
            "renewal_status": null,
            "resource_group_id": "",
            "role_name": "",
            "secondary_private_ip_address_count": 0,
            "secondary_private_ips": [],
            "security_enhancement_strategy": null,
            "security_groups": [
              "sg-l4vc2thxkcwcdyxr4bm0"
            ],
            "spot_duration": 0,
            "spot_price_limit": 0,
            "spot_strategy": "NoSpot",
            "start_time": "2024-10-30T19:40Z",
            "status": "Running",
            "stopped_mode": "Not-applicable",
            "subnet_id": "vsw-l4v354ieoll54mej95dm2",
            "system_disk_auto_snapshot_policy_id": "",
            "system_disk_category": "cloud_essd",
            "system_disk_description": "",
            "system_disk_encrypt_algorithm": null,
            "system_disk_encrypted": false,
            "system_disk_id": "d-l4vcibsftdbjlomv2f7g",
            "system_disk_kms_key_id": "",
            "system_disk_name": "",
            "system_disk_performance_level": "PL1",
            "system_disk_size": 40,
            "system_disk_storage_cluster_id": "",
            "tags": {},
            "timeouts": null,
            "user_data": "IyEvYmluL3NoCgpzdWRvIGFwdC1nZXQgdXBkYXRlIC15eQpzdWRvIGFwdC1nZXQgaW5zdGFsbCAteXkgZ2l0IGN1cmwKCmN1cmwgLWZzU0wgaHR0cHM6Ly9nZXQuZG9ja2VyLmNvbSAtbyBnZXQtZG9ja2VyLnNoCgpzdWRvIHNoIC4vZ2V0LWRvY2tlci5zaAoKc3VkbyBkb2NrZXIgcnVuIC1wIDMzMDY6MzMwNiAtLW5hbWUgbXlzcWwgLWUgTVlTUUxfUk9PVF9QQVNTV09SRD1wYXNzd29yZCAtZCBteXNxbDpsYXRlc3Q=",
            "volume_tags": {},
            "vpc_id": "vpc-l4v5ni80xbxjntuq9emhi",
            "vswitch_id": "vsw-l4v354ieoll54mej95dm2"
          },
          "sensitive_attributes": [
            [
              {
                "type": "get_attr",
                "value": "password"
              }
            ]
          ],
          "private": "eyJlMmJmYjczMC1lY2FhLTExZTYtOGY4OC0zNDM2M2JjN2M0YzAiOnsiY3JlYXRlIjo2MDAwMDAwMDAwMDAsImRlbGV0ZSI6MTIwMDAwMDAwMDAwMCwidXBkYXRlIjo2MDAwMDAwMDAwMDB9fQ==",
          "dependencies": [
            "alicloud_ecs_key_pair.capstone-key",
            "alicloud_security_group.mysql",
            "alicloud_vpc.capvpc",
            "alicloud_vswitch.private",
            "data.alicloud_zones.availability_zones"
          ]
        }
      ]
    },
    {
      "mode": "managed",
      "type": "alicloud_nat_gateway",
      "name": "capnatgateway",
      "provider": "provider[\"registry.terraform.io/hashicorp/alicloud\"]",
      "instances": [
        {
          "schema_version": 0,
          "attributes": {
            "bandwidth_package_ids": null,
            "bandwidth_packages": [],
            "deletion_protection": false,
            "description": "",
            "dry_run": null,
            "eip_bind_mode": "MULTI_BINDED",
            "force": null,
            "forward_table_ids": "ftb-l4vhylm4pnz26iaj21dss",
            "id": "ngw-l4vkbnxjrajkbsnxi3pjt",
            "instance_charge_type": "PostPaid",
            "internet_charge_type": "PayByLcu",
            "name": "http",
            "nat_gateway_name": "http",
            "nat_type": "Enhanced",
            "network_type": "internet",
            "payment_type": "PayAsYouGo",
            "period": null,
            "snat_table_ids": "stb-l4vc5l2ay0ei9yz4hnbbx",
            "spec": null,
            "specification": "",
            "status": "Available",
            "tags": {},
            "timeouts": null,
            "vpc_id": "vpc-l4v5ni80xbxjntuq9emhi",
            "vswitch_id": "vsw-l4vcn1xkpi13v2d8cojwg"
          },
          "sensitive_attributes": [],
          "private": "eyJlMmJmYjczMC1lY2FhLTExZTYtOGY4OC0zNDM2M2JjN2M0YzAiOnsiY3JlYXRlIjo2MDAwMDAwMDAwMDAsImRlbGV0ZSI6NjAwMDAwMDAwMDAwLCJ1cGRhdGUiOjYwMDAwMDAwMDAwMH19",
          "dependencies": [
            "alicloud_vpc.capvpc",
            "alicloud_vswitch.public",
            "data.alicloud_zones.availability_zones"
          ]
        }
      ]
    },
    {
      "mode": "managed",
      "type": "alicloud_nlb_listener",
      "name": "nlbListener",
      "provider": "provider[\"registry.terraform.io/hashicorp/alicloud\"]",
      "instances": [
        {
          "schema_version": 0,
          "attributes": {
            "alpn_enabled": false,
            "alpn_policy": "",
            "ca_certificate_ids": [],
            "ca_enabled": false,
            "certificate_ids": [],
            "cps": 0,
            "end_port": 0,
            "id": "lsn-96nakbr1qvytdk8tqq@80",
            "idle_timeout": 900,
            "listener_description": "",
            "listener_port": 80,
            "listener_protocol": "TCP",
            "load_balancer_id": "nlb-mwbo4pw7wvwpyn1gyo",
            "mss": 0,
            "proxy_protocol_enabled": false,
            "sec_sensor_enabled": false,
            "security_policy_id": "",
            "server_group_id": "sgp-pdy1fhs2mjnmr2dhdn",
            "start_port": 0,
            "status": "Running",
            "tags": {},
            "timeouts": null
          },
          "sensitive_attributes": [],
          "private": "eyJlMmJmYjczMC1lY2FhLTExZTYtOGY4OC0zNDM2M2JjN2M0YzAiOnsiY3JlYXRlIjoxODAwMDAwMDAwMDAwLCJkZWxldGUiOjE4MDAwMDAwMDAwMDAsInVwZGF0ZSI6MTgwMDAwMDAwMDAwMH19",
          "dependencies": [
            "alicloud_nlb_load_balancer.cap-nlb",
            "alicloud_nlb_server_group.nlbServerGroup",
            "alicloud_vpc.capvpc",
            "alicloud_vswitch.public",
            "alicloud_vswitch.public-b",
            "data.alicloud_zones.availability_zones"
          ]
        }
      ]
    },
    {
      "mode": "managed",
      "type": "alicloud_nlb_load_balancer",
      "name": "cap-nlb",
      "provider": "provider[\"registry.terraform.io/hashicorp/alicloud\"]",
      "instances": [
        {
          "schema_version": 0,
          "attributes": {
            "address_ip_version": "Ipv4",
            "address_type": "Internet",
            "bandwidth_package_id": "",
            "create_time": "2024-10-30T14:14:55Z",
            "cross_zone_enabled": true,
            "deletion_protection_config": [
              {
                "enabled": false,
                "enabled_time": "",
                "reason": ""
              }
            ],
            "deletion_protection_enabled": false,
            "deletion_protection_reason": "",
            "dns_name": "nlb-mwbo4pw7wvwpyn1gyo.me-central-1.nlb.aliyuncs.com",
            "id": "nlb-mwbo4pw7wvwpyn1gyo",
            "ipv6_address_type": "Intranet",
            "load_balancer_business_status": "Normal",
            "load_balancer_name": "nlb",
            "load_balancer_type": "Network",
            "modification_protection_config": [
              {
                "enabled_time": "",
                "reason": "",
                "status": "NonProtection"
              }
            ],
            "modification_protection_reason": "",
            "modification_protection_status": "NonProtection",
            "resource_group_id": "rg-acfnuxdjpujhxry",
            "security_group_ids": [
              "sg-l4v6jb2d3yyhxutxbrzf"
            ],
            "status": "Active",
            "tags": {},
            "timeouts": null,
            "vpc_id": "vpc-l4v5ni80xbxjntuq9emhi",
            "zone_mappings": [
              {
                "allocation_id": "eip-l4v1s7ofxfdrx7pn3948n",
                "eni_id": "eni-l4viarnvkov0rfrvfqlk",
                "ipv6_address": "",
                "private_ipv4_address": "10.0.3.53",
                "public_ipv4_address": "8.213.40.212",
                "status": "Active",
                "vswitch_id": "vsw-l4vog81surz3hll6ousom",
                "zone_id": "me-central-1b"
              },
              {
                "allocation_id": "eip-l4v6w5xtivvpl7eknxn4p",
                "eni_id": "eni-l4viarnvkov0rfrvfqlj",
                "ipv6_address": "",
                "private_ipv4_address": "10.0.1.149",
                "public_ipv4_address": "8.213.36.134",
                "status": "Active",
                "vswitch_id": "vsw-l4vcn1xkpi13v2d8cojwg",
                "zone_id": "me-central-1a"
              }
            ]
          },
          "sensitive_attributes": [],
          "private": "eyJlMmJmYjczMC1lY2FhLTExZTYtOGY4OC0zNDM2M2JjN2M0YzAiOnsiY3JlYXRlIjozMDAwMDAwMDAwMDAsImRlbGV0ZSI6MzAwMDAwMDAwMDAwLCJ1cGRhdGUiOjMwMDAwMDAwMDAwMH19",
          "dependencies": [
            "alicloud_vpc.capvpc",
            "alicloud_vswitch.public",
            "alicloud_vswitch.public-b",
            "data.alicloud_zones.availability_zones"
          ]
        }
      ]
    },
    {
      "mode": "managed",
      "type": "alicloud_nlb_server_group",
      "name": "nlbServerGroup",
      "provider": "provider[\"registry.terraform.io/hashicorp/alicloud\"]",
      "instances": [
        {
          "schema_version": 0,
          "attributes": {
            "address_ip_version": "Ipv4",
            "any_port_enabled": false,
            "connection_drain": true,
            "connection_drain_enabled": true,
            "connection_drain_timeout": 60,
            "health_check": [
              {
                "health_check_connect_port": 0,
                "health_check_connect_timeout": 5,
                "health_check_domain": "$SERVER_IP",
                "health_check_enabled": true,
                "health_check_http_code": [
                  "http_2xx",
                  "http_3xx",
                  "http_4xx"
                ],
                "health_check_interval": 10,
                "health_check_type": "TCP",
                "health_check_url": "",
                "healthy_threshold": 2,
                "http_check_method": "GET",
                "unhealthy_threshold": 2
              }
            ],
            "id": "sgp-pdy1fhs2mjnmr2dhdn",
            "preserve_client_ip_enabled": true,
            "protocol": "TCP",
            "resource_group_id": "rg-acfnuxdjpujhxry",
            "scheduler": "Rr",
            "server_group_name": "ServerGroup",
            "server_group_type": "Instance",
            "status": "Available",
            "tags": {},
            "timeouts": null,
            "vpc_id": "vpc-l4v5ni80xbxjntuq9emhi"
          },
          "sensitive_attributes": [],
          "private": "eyJlMmJmYjczMC1lY2FhLTExZTYtOGY4OC0zNDM2M2JjN2M0YzAiOnsiY3JlYXRlIjozMDAwMDAwMDAwMDAsImRlbGV0ZSI6MzAwMDAwMDAwMDAwLCJ1cGRhdGUiOjMwMDAwMDAwMDAwMH19",
          "dependencies": [
            "alicloud_vpc.capvpc"
          ]
        }
      ]
    },
    {
      "mode": "managed",
      "type": "alicloud_nlb_server_group_server_attachment",
      "name": "ServerAttach",
      "provider": "provider[\"registry.terraform.io/hashicorp/alicloud\"]",
      "instances": [
        {
          "index_key": 0,
          "schema_version": 0,
          "attributes": {
            "description": "",
            "id": "sgp-pdy1fhs2mjnmr2dhdn:i-l4v6wam66k52t8dznzjk:Ecs:80",
            "port": 80,
            "server_group_id": "sgp-pdy1fhs2mjnmr2dhdn",
            "server_id": "i-l4v6wam66k52t8dznzjk",
            "server_ip": "10.0.2.215",
            "server_type": "Ecs",
            "status": "Available",
            "timeouts": null,
            "weight": 100,
            "zone_id": "me-central-1a"
          },
          "sensitive_attributes": [],
          "private": "eyJlMmJmYjczMC1lY2FhLTExZTYtOGY4OC0zNDM2M2JjN2M0YzAiOnsiY3JlYXRlIjozMDAwMDAwMDAwMDAsImRlbGV0ZSI6MzAwMDAwMDAwMDAwLCJ1cGRhdGUiOjMwMDAwMDAwMDAwMH19",
          "dependencies": [
            "alicloud_ecs_key_pair.capstone-key",
            "alicloud_instance.caphttp",
            "alicloud_instance.capredis",
            "alicloud_instance.mysql",
            "alicloud_nlb_server_group.nlbServerGroup",
            "alicloud_security_group.http",
            "alicloud_security_group.mysql",
            "alicloud_security_group.redis",
            "alicloud_vpc.capvpc",
            "alicloud_vswitch.private",
            "data.alicloud_zones.availability_zones"
          ]
        },
        {
          "index_key": 1,
          "schema_version": 0,
          "attributes": {
            "description": "",
            "id": "sgp-pdy1fhs2mjnmr2dhdn:i-l4vc2thxkcwcdyxtw7cs:Ecs:80",
            "port": 80,
            "server_group_id": "sgp-pdy1fhs2mjnmr2dhdn",
            "server_id": "i-l4vc2thxkcwcdyxtw7cs",
            "server_ip": "10.0.2.216",
            "server_type": "Ecs",
            "status": "Available",
            "timeouts": null,
            "weight": 100,
            "zone_id": "me-central-1a"
          },
          "sensitive_attributes": [],
          "private": "eyJlMmJmYjczMC1lY2FhLTExZTYtOGY4OC0zNDM2M2JjN2M0YzAiOnsiY3JlYXRlIjozMDAwMDAwMDAwMDAsImRlbGV0ZSI6MzAwMDAwMDAwMDAwLCJ1cGRhdGUiOjMwMDAwMDAwMDAwMH19",
          "dependencies": [
            "alicloud_ecs_key_pair.capstone-key",
            "alicloud_instance.caphttp",
            "alicloud_instance.capredis",
            "alicloud_instance.mysql",
            "alicloud_nlb_server_group.nlbServerGroup",
            "alicloud_security_group.http",
            "alicloud_security_group.mysql",
            "alicloud_security_group.redis",
            "alicloud_vpc.capvpc",
            "alicloud_vswitch.private",
            "data.alicloud_zones.availability_zones"
          ]
        }
      ]
    },
    {
      "mode": "managed",
      "type": "alicloud_route_entry",
      "name": "natentry",
      "provider": "provider[\"registry.terraform.io/hashicorp/alicloud\"]",
      "instances": [
        {
          "schema_version": 0,
          "attributes": {
            "description": "",
            "destination_cidrblock": "0.0.0.0/0",
            "id": "vtb-l4vc4z6ua0l4apkiqd8z7:vrt-l4vbl8am2rorgeys9udsn:0.0.0.0/0:NatGateway:ngw-l4vkbnxjrajkbsnxi3pjt",
            "name": "",
            "nexthop_id": "ngw-l4vkbnxjrajkbsnxi3pjt",
            "nexthop_type": "NatGateway",
            "route_table_id": "vtb-l4vc4z6ua0l4apkiqd8z7",
            "router_id": "vrt-l4vbl8am2rorgeys9udsn"
          },
          "sensitive_attributes": [],
          "private": "bnVsbA==",
          "dependencies": [
            "alicloud_nat_gateway.capnatgateway",
            "alicloud_route_table.private",
            "alicloud_vpc.capvpc",
            "alicloud_vswitch.public",
            "data.alicloud_zones.availability_zones"
          ]
        }
      ]
    },
    {
      "mode": "managed",
      "type": "alicloud_route_table",
      "name": "private",
      "provider": "provider[\"registry.terraform.io/hashicorp/alicloud\"]",
      "instances": [
        {
          "schema_version": 0,
          "attributes": {
            "associate_type": "VSwitch",
            "create_time": "2024-10-30T14:14:47Z",
            "description": "Private",
            "id": "vtb-l4vc4z6ua0l4apkiqd8z7",
            "name": "private",
            "resource_group_id": "rg-acfnuxdjpujhxry",
            "route_table_name": "private",
            "status": "Available",
            "tags": {},
            "timeouts": null,
            "vpc_id": "vpc-l4v5ni80xbxjntuq9emhi"
          },
          "sensitive_attributes": [],
          "private": "eyJlMmJmYjczMC1lY2FhLTExZTYtOGY4OC0zNDM2M2JjN2M0YzAiOnsiY3JlYXRlIjo2MDAwMDAwMDAwMDAsImRlbGV0ZSI6NjAwMDAwMDAwMDAwLCJ1cGRhdGUiOjYwMDAwMDAwMDAwMH19",
          "dependencies": [
            "alicloud_vpc.capvpc"
          ]
        }
      ]
    },
    {
      "mode": "managed",
      "type": "alicloud_route_table_attachment",
      "name": "private",
      "provider": "provider[\"registry.terraform.io/hashicorp/alicloud\"]",
      "instances": [
        {
          "schema_version": 0,
          "attributes": {
            "id": "vtb-l4vc4z6ua0l4apkiqd8z7:vsw-l4v354ieoll54mej95dm2",
            "route_table_id": "vtb-l4vc4z6ua0l4apkiqd8z7",
            "status": "Available",
            "timeouts": null,
            "vswitch_id": "vsw-l4v354ieoll54mej95dm2"
          },
          "sensitive_attributes": [],
          "private": "eyJlMmJmYjczMC1lY2FhLTExZTYtOGY4OC0zNDM2M2JjN2M0YzAiOnsiY3JlYXRlIjozMDAwMDAwMDAwMDAsImRlbGV0ZSI6MzAwMDAwMDAwMDAwfX0=",
          "dependencies": [
            "alicloud_route_table.private",
            "alicloud_vpc.capvpc",
            "alicloud_vswitch.private",
            "data.alicloud_zones.availability_zones"
          ]
        }
      ]
    },
    {
      "mode": "managed",
      "type": "alicloud_security_group",
      "name": "bastion",
      "provider": "provider[\"registry.terraform.io/hashicorp/alicloud\"]",
      "instances": [
        {
          "schema_version": 0,
          "attributes": {
            "description": "bastion security group",
            "id": "sg-l4vc2thxkcwcdyxr4bm2",
            "inner_access": true,
            "inner_access_policy": "Accept",
            "name": "bastion",
            "resource_group_id": "",
            "security_group_type": "normal",
            "tags": {},
            "timeouts": null,
            "vpc_id": "vpc-l4v5ni80xbxjntuq9emhi"
          },
          "sensitive_attributes": [],
          "private": "eyJlMmJmYjczMC1lY2FhLTExZTYtOGY4OC0zNDM2M2JjN2M0YzAiOnsiZGVsZXRlIjo2MDAwMDAwMDAwMDB9fQ==",
          "dependencies": [
            "alicloud_vpc.capvpc"
          ]
        }
      ]
    },
    {
      "mode": "managed",
      "type": "alicloud_security_group",
      "name": "http",
      "provider": "provider[\"registry.terraform.io/hashicorp/alicloud\"]",
      "instances": [
        {
          "schema_version": 0,
          "attributes": {
            "description": "http security group",
            "id": "sg-l4vcibsftdbjlomozkpv",
            "inner_access": true,
            "inner_access_policy": "Accept",
            "name": "http",
            "resource_group_id": "",
            "security_group_type": "normal",
            "tags": {},
            "timeouts": null,
            "vpc_id": "vpc-l4v5ni80xbxjntuq9emhi"
          },
          "sensitive_attributes": [],
          "private": "eyJlMmJmYjczMC1lY2FhLTExZTYtOGY4OC0zNDM2M2JjN2M0YzAiOnsiZGVsZXRlIjo2MDAwMDAwMDAwMDB9fQ==",
          "dependencies": [
            "alicloud_vpc.capvpc"
          ]
        }
      ]
    },
    {
      "mode": "managed",
      "type": "alicloud_security_group",
      "name": "mysql",
      "provider": "provider[\"registry.terraform.io/hashicorp/alicloud\"]",
      "instances": [
        {
          "schema_version": 0,
          "attributes": {
            "description": "mysql security group",
            "id": "sg-l4vc2thxkcwcdyxr4bm0",
            "inner_access": true,
            "inner_access_policy": "Accept",
            "name": "mysql",
            "resource_group_id": "",
            "security_group_type": "normal",
            "tags": {},
            "timeouts": null,
            "vpc_id": "vpc-l4v5ni80xbxjntuq9emhi"
          },
          "sensitive_attributes": [],
          "private": "eyJlMmJmYjczMC1lY2FhLTExZTYtOGY4OC0zNDM2M2JjN2M0YzAiOnsiZGVsZXRlIjo2MDAwMDAwMDAwMDB9fQ==",
          "dependencies": [
            "alicloud_vpc.capvpc"
          ]
        }
      ]
    },
    {
      "mode": "managed",
      "type": "alicloud_security_group",
      "name": "redis",
      "provider": "provider[\"registry.terraform.io/hashicorp/alicloud\"]",
      "instances": [
        {
          "schema_version": 0,
          "attributes": {
            "description": "redis security group",
            "id": "sg-l4vhsb8ztd0u828gsqq9",
            "inner_access": true,
            "inner_access_policy": "Accept",
            "name": "redis",
            "resource_group_id": "",
            "security_group_type": "normal",
            "tags": {},
            "timeouts": null,
            "vpc_id": "vpc-l4v5ni80xbxjntuq9emhi"
          },
          "sensitive_attributes": [],
          "private": "eyJlMmJmYjczMC1lY2FhLTExZTYtOGY4OC0zNDM2M2JjN2M0YzAiOnsiZGVsZXRlIjo2MDAwMDAwMDAwMDB9fQ==",
          "dependencies": [
            "alicloud_vpc.capvpc"
          ]
        }
      ]
    },
    {
      "mode": "managed",
      "type": "alicloud_security_group_rule",
      "name": "allow-http-ssh-reddis",
      "provider": "provider[\"registry.terraform.io/hashicorp/alicloud\"]",
      "instances": [
        {
          "schema_version": 0,
          "attributes": {
            "cidr_ip": "",
            "description": "",
            "id": "sg-l4vhsb8ztd0u828gsqq9:ingress:tcp:22/22:\u003cnil\u003e:sg-l4vcibsftdbjlomozkpv:accept:1",
            "ip_protocol": "tcp",
            "ipv6_cidr_ip": "",
            "nic_type": "intranet",
            "policy": "accept",
            "port_range": "22/22",
            "prefix_list_id": "",
            "priority": 1,
            "security_group_id": "sg-l4vhsb8ztd0u828gsqq9",
            "source_group_owner_account": "",
            "source_security_group_id": "sg-l4vcibsftdbjlomozkpv",
            "type": "ingress"
          },
          "sensitive_attributes": [],
          "private": "bnVsbA==",
          "dependencies": [
            "alicloud_security_group.http",
            "alicloud_security_group.redis",
            "alicloud_vpc.capvpc"
          ]
        }
      ]
    },
    {
      "mode": "managed",
      "type": "alicloud_security_group_rule",
      "name": "allow_bastion_sql",
      "provider": "provider[\"registry.terraform.io/hashicorp/alicloud\"]",
      "instances": [
        {
          "schema_version": 0,
          "attributes": {
            "cidr_ip": "",
            "description": "",
            "id": "sg-l4vc2thxkcwcdyxr4bm0:ingress:tcp:3306/3306:\u003cnil\u003e:sg-l4vcibsftdbjlomozkpv:accept:1",
            "ip_protocol": "tcp",
            "ipv6_cidr_ip": "",
            "nic_type": "intranet",
            "policy": "accept",
            "port_range": "3306/3306",
            "prefix_list_id": "",
            "priority": 1,
            "security_group_id": "sg-l4vc2thxkcwcdyxr4bm0",
            "source_group_owner_account": "",
            "source_security_group_id": "sg-l4vcibsftdbjlomozkpv",
            "type": "ingress"
          },
          "sensitive_attributes": [],
          "private": "bnVsbA==",
          "dependencies": [
            "alicloud_security_group.http",
            "alicloud_security_group.mysql",
            "alicloud_vpc.capvpc"
          ]
        }
      ]
    },
    {
      "mode": "managed",
      "type": "alicloud_security_group_rule",
      "name": "allow_bastion_ssh",
      "provider": "provider[\"registry.terraform.io/hashicorp/alicloud\"]",
      "instances": [
        {
          "schema_version": 0,
          "attributes": {
            "cidr_ip": "0.0.0.0/0",
            "description": "",
            "id": "sg-l4vc2thxkcwcdyxr4bm2:ingress:tcp:22/22:\u003cnil\u003e:0.0.0.0/0:accept:1",
            "ip_protocol": "tcp",
            "ipv6_cidr_ip": "",
            "nic_type": "intranet",
            "policy": "accept",
            "port_range": "22/22",
            "prefix_list_id": "",
            "priority": 1,
            "security_group_id": "sg-l4vc2thxkcwcdyxr4bm2",
            "source_group_owner_account": "",
            "source_security_group_id": "",
            "type": "ingress"
          },
          "sensitive_attributes": [],
          "private": "bnVsbA==",
          "dependencies": [
            "alicloud_security_group.bastion",
            "alicloud_vpc.capvpc"
          ]
        }
      ]
    },
    {
      "mode": "managed",
      "type": "alicloud_security_group_rule",
      "name": "allow_bastion_to_ssh",
      "provider": "provider[\"registry.terraform.io/hashicorp/alicloud\"]",
      "instances": [
        {
          "schema_version": 0,
          "attributes": {
            "cidr_ip": "",
            "description": "",
            "id": "sg-l4vhsb8ztd0u828gsqq9:ingress:tcp:22/22:\u003cnil\u003e:sg-l4vc2thxkcwcdyxr4bm2:accept:1",
            "ip_protocol": "tcp",
            "ipv6_cidr_ip": "",
            "nic_type": "intranet",
            "policy": "accept",
            "port_range": "22/22",
            "prefix_list_id": "",
            "priority": 1,
            "security_group_id": "sg-l4vhsb8ztd0u828gsqq9",
            "source_group_owner_account": "",
            "source_security_group_id": "sg-l4vc2thxkcwcdyxr4bm2",
            "type": "ingress"
          },
          "sensitive_attributes": [],
          "private": "bnVsbA==",
          "dependencies": [
            "alicloud_security_group.bastion",
            "alicloud_security_group.redis",
            "alicloud_vpc.capvpc"
          ]
        }
      ]
    },
    {
      "mode": "managed",
      "type": "alicloud_security_group_rule",
      "name": "allow_bastion_to_ssh_to_http",
      "provider": "provider[\"registry.terraform.io/hashicorp/alicloud\"]",
      "instances": [
        {
          "schema_version": 0,
          "attributes": {
            "cidr_ip": "",
            "description": "",
            "id": "sg-l4vcibsftdbjlomozkpv:ingress:tcp:22/22:\u003cnil\u003e:sg-l4vc2thxkcwcdyxr4bm2:accept:1",
            "ip_protocol": "tcp",
            "ipv6_cidr_ip": "",
            "nic_type": "intranet",
            "policy": "accept",
            "port_range": "22/22",
            "prefix_list_id": "",
            "priority": 1,
            "security_group_id": "sg-l4vcibsftdbjlomozkpv",
            "source_group_owner_account": "",
            "source_security_group_id": "sg-l4vc2thxkcwcdyxr4bm2",
            "type": "ingress"
          },
          "sensitive_attributes": [],
          "private": "bnVsbA==",
          "dependencies": [
            "alicloud_security_group.bastion",
            "alicloud_security_group.http",
            "alicloud_vpc.capvpc"
          ]
        }
      ]
    },
    {
      "mode": "managed",
      "type": "alicloud_security_group_rule",
      "name": "allow_http",
      "provider": "provider[\"registry.terraform.io/hashicorp/alicloud\"]",
      "instances": [
        {
          "schema_version": 0,
          "attributes": {
            "cidr_ip": "0.0.0.0/0",
            "description": "",
            "id": "sg-l4vcibsftdbjlomozkpv:ingress:tcp:80/80:\u003cnil\u003e:0.0.0.0/0:accept:1",
            "ip_protocol": "tcp",
            "ipv6_cidr_ip": "",
            "nic_type": "intranet",
            "policy": "accept",
            "port_range": "80/80",
            "prefix_list_id": "",
            "priority": 1,
            "security_group_id": "sg-l4vcibsftdbjlomozkpv",
            "source_group_owner_account": "",
            "source_security_group_id": "",
            "type": "ingress"
          },
          "sensitive_attributes": [],
          "private": "bnVsbA==",
          "dependencies": [
            "alicloud_security_group.http",
            "alicloud_vpc.capvpc"
          ]
        }
      ]
    },
    {
      "mode": "managed",
      "type": "alicloud_security_group_rule",
      "name": "allow_ssh_to_sql",
      "provider": "provider[\"registry.terraform.io/hashicorp/alicloud\"]",
      "instances": [
        {
          "schema_version": 0,
          "attributes": {
            "cidr_ip": "",
            "description": "",
            "id": "sg-l4vc2thxkcwcdyxr4bm0:ingress:tcp:22/22:\u003cnil\u003e:sg-l4vc2thxkcwcdyxr4bm2:accept:1",
            "ip_protocol": "tcp",
            "ipv6_cidr_ip": "",
            "nic_type": "intranet",
            "policy": "accept",
            "port_range": "22/22",
            "prefix_list_id": "",
            "priority": 1,
            "security_group_id": "sg-l4vc2thxkcwcdyxr4bm0",
            "source_group_owner_account": "",
            "source_security_group_id": "sg-l4vc2thxkcwcdyxr4bm2",
            "type": "ingress"
          },
          "sensitive_attributes": [],
          "private": "bnVsbA==",
          "dependencies": [
            "alicloud_security_group.bastion",
            "alicloud_security_group.mysql",
            "alicloud_vpc.capvpc"
          ]
        }
      ]
    },
    {
      "mode": "managed",
      "type": "alicloud_security_group_rule",
      "name": "allow_web_to_redis",
      "provider": "provider[\"registry.terraform.io/hashicorp/alicloud\"]",
      "instances": [
        {
          "schema_version": 0,
          "attributes": {
            "cidr_ip": "",
            "description": "",
            "id": "sg-l4vhsb8ztd0u828gsqq9:ingress:tcp:6379/6379:\u003cnil\u003e:sg-l4vc2thxkcwcdyxr4bm2:accept:1",
            "ip_protocol": "tcp",
            "ipv6_cidr_ip": "",
            "nic_type": "intranet",
            "policy": "accept",
            "port_range": "6379/6379",
            "prefix_list_id": "",
            "priority": 1,
            "security_group_id": "sg-l4vhsb8ztd0u828gsqq9",
            "source_group_owner_account": "",
            "source_security_group_id": "sg-l4vc2thxkcwcdyxr4bm2",
            "type": "ingress"
          },
          "sensitive_attributes": [],
          "private": "bnVsbA==",
          "dependencies": [
            "alicloud_security_group.bastion",
            "alicloud_security_group.redis",
            "alicloud_vpc.capvpc"
          ]
        }
      ]
    },
    {
      "mode": "managed",
      "type": "alicloud_snat_entry",
      "name": "private_snat",
      "provider": "provider[\"registry.terraform.io/hashicorp/alicloud\"]",
      "instances": [
        {
          "schema_version": 0,
          "attributes": {
            "id": "stb-l4vc5l2ay0ei9yz4hnbbx:snat-l4vk8h3eleukqufvpzylq",
            "snat_entry_id": "snat-l4vk8h3eleukqufvpzylq",
            "snat_entry_name": "",
            "snat_ip": "8.213.38.195",
            "snat_table_id": "stb-l4vc5l2ay0ei9yz4hnbbx",
            "source_cidr": "10.0.2.0/24",
            "source_vswitch_id": "vsw-l4v354ieoll54mej95dm2",
            "status": "Available",
            "timeouts": null
          },
          "sensitive_attributes": [],
          "private": "eyJlMmJmYjczMC1lY2FhLTExZTYtOGY4OC0zNDM2M2JjN2M0YzAiOnsiY3JlYXRlIjoxMjAwMDAwMDAwMDAsImRlbGV0ZSI6MTIwMDAwMDAwMDAwLCJ1cGRhdGUiOjEyMDAwMDAwMDAwMH19",
          "dependencies": [
            "alicloud_eip_address.capnateip",
            "alicloud_nat_gateway.capnatgateway",
            "alicloud_vpc.capvpc",
            "alicloud_vswitch.private",
            "alicloud_vswitch.public",
            "data.alicloud_zones.availability_zones"
          ]
        }
      ]
    },
    {
      "mode": "managed",
      "type": "alicloud_vpc",
      "name": "capvpc",
      "provider": "provider[\"registry.terraform.io/hashicorp/alicloud\"]",
      "instances": [
        {
          "schema_version": 0,
          "attributes": {
            "cidr_block": "10.0.0.0/8",
            "classic_link_enabled": false,
            "create_time": "2024-10-30T14:14:36Z",
            "description": "",
            "dry_run": null,
            "enable_ipv6": false,
            "id": "vpc-l4v5ni80xbxjntuq9emhi",
            "ipv4_ipam_pool_id": null,
            "ipv6_cidr_block": "",
            "ipv6_cidr_blocks": [],
            "ipv6_isp": null,
            "is_default": null,
            "name": "lab-1",
            "resource_group_id": "rg-acfnuxdjpujhxry",
            "route_table_id": "vtb-l4vpgj03qixdvwbxdi1qw",
            "router_id": "vrt-l4vbl8am2rorgeys9udsn",
            "router_table_id": "vtb-l4vpgj03qixdvwbxdi1qw",
            "secondary_cidr_blocks": [],
            "status": "Available",
            "system_route_table_description": "",
            "system_route_table_name": "",
            "tags": {},
            "timeouts": null,
            "user_cidrs": [],
            "vpc_name": "lab-1"
          },
          "sensitive_attributes": [],
          "private": "eyJlMmJmYjczMC1lY2FhLTExZTYtOGY4OC0zNDM2M2JjN2M0YzAiOnsiY3JlYXRlIjozMDAwMDAwMDAwMDAsImRlbGV0ZSI6MzAwMDAwMDAwMDAwLCJ1cGRhdGUiOjMwMDAwMDAwMDAwMH19"
        }
      ]
    },
    {
      "mode": "managed",
      "type": "alicloud_vswitch",
      "name": "private",
      "provider": "provider[\"registry.terraform.io/hashicorp/alicloud\"]",
      "instances": [
        {
          "schema_version": 0,
          "attributes": {
            "availability_zone": "me-central-1a",
            "cidr_block": "10.0.2.0/24",
            "create_time": "2024-10-30T14:14:54Z",
            "description": "",
            "enable_ipv6": null,
            "id": "vsw-l4v354ieoll54mej95dm2",
            "ipv6_cidr_block": "",
            "ipv6_cidr_block_mask": null,
            "name": "private",
            "status": "Available",
            "tags": {},
            "timeouts": null,
            "vpc_id": "vpc-l4v5ni80xbxjntuq9emhi",
            "vswitch_name": "private",
            "zone_id": "me-central-1a"
          },
          "sensitive_attributes": [],
          "private": "eyJlMmJmYjczMC1lY2FhLTExZTYtOGY4OC0zNDM2M2JjN2M0YzAiOnsiY3JlYXRlIjozMDAwMDAwMDAwMDAsImRlbGV0ZSI6NjAwMDAwMDAwMDAwLCJ1cGRhdGUiOjMwMDAwMDAwMDAwMH19",
          "dependencies": [
            "alicloud_vpc.capvpc",
            "data.alicloud_zones.availability_zones"
          ]
        }
      ]
    },
    {
      "mode": "managed",
      "type": "alicloud_vswitch",
      "name": "public",
      "provider": "provider[\"registry.terraform.io/hashicorp/alicloud\"]",
      "instances": [
        {
          "schema_version": 0,
          "attributes": {
            "availability_zone": "me-central-1a",
            "cidr_block": "10.0.1.0/24",
            "create_time": "2024-10-30T14:14:45Z",
            "description": "",
            "enable_ipv6": null,
            "id": "vsw-l4vcn1xkpi13v2d8cojwg",
            "ipv6_cidr_block": "",
            "ipv6_cidr_block_mask": null,
            "name": "public",
            "status": "Available",
            "tags": {},
            "timeouts": null,
            "vpc_id": "vpc-l4v5ni80xbxjntuq9emhi",
            "vswitch_name": "public",
            "zone_id": "me-central-1a"
          },
          "sensitive_attributes": [],
          "private": "eyJlMmJmYjczMC1lY2FhLTExZTYtOGY4OC0zNDM2M2JjN2M0YzAiOnsiY3JlYXRlIjozMDAwMDAwMDAwMDAsImRlbGV0ZSI6NjAwMDAwMDAwMDAwLCJ1cGRhdGUiOjMwMDAwMDAwMDAwMH19",
          "dependencies": [
            "alicloud_vpc.capvpc",
            "data.alicloud_zones.availability_zones"
          ]
        }
      ]
    },
    {
      "mode": "managed",
      "type": "alicloud_vswitch",
      "name": "public-b",
      "provider": "provider[\"registry.terraform.io/hashicorp/alicloud\"]",
      "instances": [
        {
          "schema_version": 0,
          "attributes": {
            "availability_zone": "me-central-1b",
            "cidr_block": "10.0.3.0/24",
            "create_time": "2024-10-30T14:14:44Z",
            "description": "",
            "enable_ipv6": null,
            "id": "vsw-l4vog81surz3hll6ousom",
            "ipv6_cidr_block": "",
            "ipv6_cidr_block_mask": null,
            "name": "public",
            "status": "Available",
            "tags": {},
            "timeouts": null,
            "vpc_id": "vpc-l4v5ni80xbxjntuq9emhi",
            "vswitch_name": "public",
            "zone_id": "me-central-1b"
          },
          "sensitive_attributes": [],
          "private": "eyJlMmJmYjczMC1lY2FhLTExZTYtOGY4OC0zNDM2M2JjN2M0YzAiOnsiY3JlYXRlIjozMDAwMDAwMDAwMDAsImRlbGV0ZSI6NjAwMDAwMDAwMDAwLCJ1cGRhdGUiOjMwMDAwMDAwMDAwMH19",
          "dependencies": [
            "alicloud_vpc.capvpc",
            "data.alicloud_zones.availability_zones"
          ]
        }
      ]
    }
  ],
  "check_results": null
}
